
Microsoft Visual Studio Solution File, Format Version 12.00
# Visual Studio Version 17
VisualStudioVersion = 17.4.33213.308
MinimumVisualStudioVersion = 10.0.40219.1
Project("{FAE04EC0-301F-11D3-BF4B-00C04F79EFBC}") = "BeHealthy.web", "BeHealthy.web\BeHealthy.web.csproj", "{AB6DE156-6029-4EF0-9CD1-13D2FA5CF782}"
EndProject
Global
	GlobalSection(SolutionConfigurationPlatforms) = preSolution
		Debug|Any CPU = Debug|Any CPU
		Release|Any CPU = Release|Any CPU
	EndGlobalSection
	GlobalSection(ProjectConfigurationPlatforms) = postSolution
		{AB6DE156-6029-4EF0-9CD1-13D2FA5CF782}.Debug|Any CPU.ActiveCfg = Debug|Any CPU
		{AB6DE156-6029-4EF0-9CD1-13D2FA5CF782}.Debug|Any CPU.Build.0 = Debug|Any CPU
		{AB6DE156-6029-4EF0-9CD1-13D2FA5CF782}.Release|Any CPU.ActiveCfg = Release|Any CPU
		{AB6DE156-6029-4EF0-9CD1-13D2FA5CF782}.Release|Any CPU.Build.0 = Release|Any CPU
	EndGlobalSection
	GlobalSection(SolutionProperties) = preSolution
		HideSolutionNode = FALSE
	EndGlobalSection
	GlobalSection(ExtensibilityGlobals) = postSolution
		SolutionGuid = {150ECDBC-E0DC-402B-A94F-F898BE93F4D0}
	EndGlobalSection
EndGlobal
